
Microsoft Visual Studio Solution File, Format Version 12.00
# Visual Studio Version 17
VisualStudioVersion = 17.3.32922.545
MinimumVisualStudioVersion = 10.0.40219.1
Project("{FAE04EC0-301F-11D3-BF4B-00C04F79EFBC}") = "KuruTemizlemeVTDGP", "KuruTemizlemeVTDGP.csproj", "{C0FEE784-32D4-48DE-8F41-87E5BF8BF6C7}"
EndProject
Global
	GlobalSection(SolutionConfigurationPlatforms) = preSolution
		Debug|Any CPU = Debug|Any CPU
		Release|Any CPU = Release|Any CPU
	EndGlobalSection
	GlobalSection(ProjectConfigurationPlatforms) = postSolution
		{C0FEE784-32D4-48DE-8F41-87E5BF8BF6C7}.Debug|Any CPU.ActiveCfg = Debug|Any CPU
		{C0FEE784-32D4-48DE-8F41-87E5BF8BF6C7}.Debug|Any CPU.Build.0 = Debug|Any CPU
		{C0FEE784-32D4-48DE-8F41-87E5BF8BF6C7}.Release|Any CPU.ActiveCfg = Release|Any CPU
		{C0FEE784-32D4-48DE-8F41-87E5BF8BF6C7}.Release|Any CPU.Build.0 = Release|Any CPU
	EndGlobalSection
	GlobalSection(SolutionProperties) = preSolution
		HideSolutionNode = FALSE
	EndGlobalSection
	GlobalSection(ExtensibilityGlobals) = postSolution
		SolutionGuid = {0C4A846D-F1B5-4E47-BE93-645D06290E6B}
	EndGlobalSection
EndGlobal
